
Microsoft Visual Studio Solution File, Format Version 12.00
# Visual Studio Version 16
VisualStudioVersion = 16.0.31911.196
MinimumVisualStudioVersion = 10.0.40219.1
Project("{9A19103F-16F7-4668-BE54-9A1E7A4F7556}") = "NewsApp.Hangfire", "NewsApp.Hangfire\NewsApp.Hangfire.csproj", "{66A20B7B-E477-4B96-9617-A347710A06BF}"
EndProject
Project("{E53339B2-1760-4266-BCC7-CA923CBCF16C}") = "docker-compose", "docker-compose.dcproj", "{1B993A2C-2856-4282-821E-9AB261DBE81F}"
EndProject
Project("{FAE04EC0-301F-11D3-BF4B-00C04F79EFBC}") = "NewsApp.Hangfire.Manager", "NewsApp.Hangfire.Manager\NewsApp.Hangfire.Manager.csproj", "{8BC31EB3-0DF8-442C-BA3C-A3A173FBDE28}"
EndProject
Global
	GlobalSection(SolutionConfigurationPlatforms) = preSolution
		Debug|Any CPU = Debug|Any CPU
		Release|Any CPU = Release|Any CPU
	EndGlobalSection
	GlobalSection(ProjectConfigurationPlatforms) = postSolution
		{66A20B7B-E477-4B96-9617-A347710A06BF}.Debug|Any CPU.ActiveCfg = Debug|Any CPU
		{66A20B7B-E477-4B96-9617-A347710A06BF}.Debug|Any CPU.Build.0 = Debug|Any CPU
		{66A20B7B-E477-4B96-9617-A347710A06BF}.Release|Any CPU.ActiveCfg = Release|Any CPU
		{66A20B7B-E477-4B96-9617-A347710A06BF}.Release|Any CPU.Build.0 = Release|Any CPU
		{1B993A2C-2856-4282-821E-9AB261DBE81F}.Debug|Any CPU.ActiveCfg = Debug|Any CPU
		{1B993A2C-2856-4282-821E-9AB261DBE81F}.Debug|Any CPU.Build.0 = Debug|Any CPU
		{1B993A2C-2856-4282-821E-9AB261DBE81F}.Release|Any CPU.ActiveCfg = Release|Any CPU
		{1B993A2C-2856-4282-821E-9AB261DBE81F}.Release|Any CPU.Build.0 = Release|Any CPU
		{8BC31EB3-0DF8-442C-BA3C-A3A173FBDE28}.Debug|Any CPU.ActiveCfg = Debug|Any CPU
		{8BC31EB3-0DF8-442C-BA3C-A3A173FBDE28}.Debug|Any CPU.Build.0 = Debug|Any CPU
		{8BC31EB3-0DF8-442C-BA3C-A3A173FBDE28}.Release|Any CPU.ActiveCfg = Release|Any CPU
		{8BC31EB3-0DF8-442C-BA3C-A3A173FBDE28}.Release|Any CPU.Build.0 = Release|Any CPU
	EndGlobalSection
	GlobalSection(SolutionProperties) = preSolution
		HideSolutionNode = FALSE
	EndGlobalSection
	GlobalSection(ExtensibilityGlobals) = postSolution
		SolutionGuid = {B5F54C4C-97F1-48E7-B77C-4D6833DF77E3}
	EndGlobalSection
EndGlobal
